
Microsoft Visual Studio Solution File, Format Version 12.00
# Visual Studio Version 17
VisualStudioVersion = 17.3.32929.385
MinimumVisualStudioVersion = 10.0.40219.1
Project("{F184B08F-C81C-45F6-A57F-5ABD9991F28F}") = "PlatformGame", "PlatformGame\PlatformGame.vbproj", "{27BFBAD1-3710-43BF-9DCF-942F780E951C}"
EndProject
Global
	GlobalSection(SolutionConfigurationPlatforms) = preSolution
		Debug|Any CPU = Debug|Any CPU
		Release|Any CPU = Release|Any CPU
	EndGlobalSection
	GlobalSection(ProjectConfigurationPlatforms) = postSolution
		{27BFBAD1-3710-43BF-9DCF-942F780E951C}.Debug|Any CPU.ActiveCfg = Debug|Any CPU
		{27BFBAD1-3710-43BF-9DCF-942F780E951C}.Debug|Any CPU.Build.0 = Debug|Any CPU
		{27BFBAD1-3710-43BF-9DCF-942F780E951C}.Release|Any CPU.ActiveCfg = Release|Any CPU
		{27BFBAD1-3710-43BF-9DCF-942F780E951C}.Release|Any CPU.Build.0 = Release|Any CPU
	EndGlobalSection
	GlobalSection(SolutionProperties) = preSolution
		HideSolutionNode = FALSE
	EndGlobalSection
	GlobalSection(ExtensibilityGlobals) = postSolution
		SolutionGuid = {C7F55AFC-0634-4152-96D7-40F03308F086}
	EndGlobalSection
EndGlobal
